// !$*UTF8*$!
{
	archiveVersion = 1;
	classes = {
	};
	objectVersion = 77;
	objects = {

/* Begin PBXBuildFile section */
		EA7061412DF47D5C0049773E /* FirebaseCore in Frameworks */ = {isa = PBXBuildFile; productRef = EA7061402DF47D5C0049773E /* FirebaseCore */; };
		EA7061432DF47D5C0049773E /* FirebaseStorage in Frameworks */ = {isa = PBXBuildFile; productRef = EA7061422DF47D5C0049773E /* FirebaseStorage */; };
		EA7061452DF47D5C0049773E /* FirebaseStorageCombine-Community in Frameworks */ = {isa = PBXBuildFile; productRef = EA7061442DF47D5C0049773E /* FirebaseStorageCombine-Community */; };
		EA7061492DF481410049773E /* FirebaseAnalytics in Frameworks */ = {isa = PBXBuildFile; productRef = EA7061482DF481410049773E /* FirebaseAnalytics */; };
/* End PBXBuildFile section */

/* Begin PBXContainerItemProxy section */
		EA692E6B2DCE4A6600860767 /* PBXContainerItemProxy */ = {
			isa = PBXContainerItemProxy;
			containerPortal = EA692E552DCE4A6500860767 /* Project object */;
			proxyType = 1;
			remoteGlobalIDString = EA692E5C2DCE4A6500860767;
			remoteInfo = "Your Ai Wallpaper";
		};
		EA692E752DCE4A6600860767 /* PBXContainerItemProxy */ = {
			isa = PBXContainerItemProxy;
			containerPortal = EA692E552DCE4A6500860767 /* Project object */;
			proxyType = 1;
			remoteGlobalIDString = EA692E5C2DCE4A6500860767;
			remoteInfo = "Your Ai Wallpaper";
		};
/* End PBXContainerItemProxy section */

/* Begin PBXFileReference section */
		EA692E5D2DCE4A6500860767 /* Your Ai Wallpaper.app */ = {isa = PBXFileReference; explicitFileType = wrapper.application; includeInIndex = 0; path = "Your Ai Wallpaper.app"; sourceTree = BUILT_PRODUCTS_DIR; };
		EA692E6A2DCE4A6600860767 /* Your Ai WallpaperTests.xctest */ = {isa = PBXFileReference; explicitFileType = wrapper.cfbundle; includeInIndex = 0; path = "Your Ai WallpaperTests.xctest"; sourceTree = BUILT_PRODUCTS_DIR; };
		EA692E742DCE4A6600860767 /* Your Ai WallpaperUITests.xctest */ = {isa = PBXFileReference; explicitFileType = wrapper.cfbundle; includeInIndex = 0; path = "Your Ai WallpaperUITests.xctest"; sourceTree = BUILT_PRODUCTS_DIR; };
/* End PBXFileReference section */

/* Begin PBXFileSystemSynchronizedRootGroup section */
		EA692E5F2DCE4A6500860767 /* Your Ai Wallpaper */ = {
			isa = PBXFileSystemSynchronizedRootGroup;
			path = "Your Ai Wallpaper";
			sourceTree = "<group>";
		};
		EA692E6D2DCE4A6600860767 /* Your Ai WallpaperTests */ = {
			isa = PBXFileSystemSynchronizedRootGroup;
			path = "Your Ai WallpaperTests";
			sourceTree = "<group>";
		};
		EA692E772DCE4A6600860767 /* Your Ai WallpaperUITests */ = {
			isa = PBXFileSystemSynchronizedRootGroup;
			path = "Your Ai WallpaperUITests";
			sourceTree = "<group>";
		};
/* End PBXFileSystemSynchronizedRootGroup section */

/* Begin PBXFrameworksBuildPhase section */
		EA692E5A2DCE4A6500860767 /* Frameworks */ = {
			isa = PBXFrameworksBuildPhase;
			buildActionMask = 2147483647;
			files = (
				EA7061412DF47D5C0049773E /* FirebaseCore in Frameworks */,
				EA7061452DF47D5C0049773E /* FirebaseStorageCombine-Community in Frameworks */,
				EA7061492DF481410049773E /* FirebaseAnalytics in Frameworks */,
				EA7061432DF47D5C0049773E /* FirebaseStorage in Frameworks */,
			);
			runOnlyForDeploymentPostprocessing = 0;
		};
		EA692E672DCE4A6600860767 /* Frameworks */ = {
			isa = PBXFrameworksBuildPhase;
			buildActionMask = 2147483647;
			files = (
			);
			runOnlyForDeploymentPostprocessing = 0;
		};
		EA692E712DCE4A6600860767 /* Frameworks */ = {
			isa = PBXFrameworksBuildPhase;
			buildActionMask = 2147483647;
			files = (
			);
			runOnlyForDeploymentPostprocessing = 0;
		};
/* End PBXFrameworksBuildPhase section */

/* Begin PBXGroup section */
		EA692E542DCE4A6500860767 = {
			isa = PBXGroup;
			children = (
				EA692E5F2DCE4A6500860767 /* Your Ai Wallpaper */,
				EA692E6D2DCE4A6600860767 /* Your Ai WallpaperTests */,
				EA692E772DCE4A6600860767 /* Your Ai WallpaperUITests */,
				EA692E5E2DCE4A6500860767 /* Products */,
			);
			sourceTree = "<group>";
		};
		EA692E5E2DCE4A6500860767 /* Products */ = {
			isa = PBXGroup;
			children = (
				EA692E5D2DCE4A6500860767 /* Your Ai Wallpaper.app */,
				EA692E6A2DCE4A6600860767 /* Your Ai WallpaperTests.xctest */,
				EA692E742DCE4A6600860767 /* Your Ai WallpaperUITests.xctest */,
			);
			name = Products;
			sourceTree = "<group>";
		};
/* End PBXGroup section */

/* Begin PBXNativeTarget section */
		EA692E5C2DCE4A6500860767 /* Your Ai Wallpaper */ = {
			isa = PBXNativeTarget;
			buildConfigurationList = EA692E7E2DCE4A6600860767 /* Build configuration list for PBXNativeTarget "Your Ai Wallpaper" */;
			buildPhases = (
				EA692E592DCE4A6500860767 /* Sources */,
				EA692E5A2DCE4A6500860767 /* Frameworks */,
				EA692E5B2DCE4A6500860767 /* Resources */,
			);
			buildRules = (
			);
			dependencies = (
			);
			fileSystemSynchronizedGroups = (
				EA692E5F2DCE4A6500860767 /* Your Ai Wallpaper */,
			);
			name = "Your Ai Wallpaper";
			packageProductDependencies = (
				EA7061402DF47D5C0049773E /* FirebaseCore */,
				EA7061422DF47D5C0049773E /* FirebaseStorage */,
				EA7061442DF47D5C0049773E /* FirebaseStorageCombine-Community */,
				EA7061482DF481410049773E /* FirebaseAnalytics */,
			);
			productName = "Your Ai Wallpaper";
			productReference = EA692E5D2DCE4A6500860767 /* Your Ai Wallpaper.app */;
			productType = "com.apple.product-type.application";
		};
		EA692E692DCE4A6600860767 /* Your Ai WallpaperTests */ = {
			isa = PBXNativeTarget;
			buildConfigurationList = EA692E812DCE4A6600860767 /* Build configuration list for PBXNativeTarget "Your Ai WallpaperTests" */;
			buildPhases = (
				EA692E662DCE4A6600860767 /* Sources */,
				EA692E672DCE4A6600860767 /* Frameworks */,
				EA692E682DCE4A6600860767 /* Resources */,
			);
			buildRules = (
			);
			dependencies = (
				EA692E6C2DCE4A6600860767 /* PBXTargetDependency */,
			);
			fileSystemSynchronizedGroups = (
				EA692E6D2DCE4A6600860767 /* Your Ai WallpaperTests */,
			);
			name = "Your Ai WallpaperTests";
			packageProductDependencies = (
			);
			productName = "Your Ai WallpaperTests";
			productReference = EA692E6A2DCE4A6600860767 /* Your Ai WallpaperTests.xctest */;
			productType = "com.apple.product-type.bundle.unit-test";
		};
		EA692E732DCE4A6600860767 /* Your Ai WallpaperUITests */ = {
			isa = PBXNativeTarget;
			buildConfigurationList = EA692E842DCE4A6600860767 /* Build configuration list for PBXNativeTarget "Your Ai WallpaperUITests" */;
			buildPhases = (
				EA692E702DCE4A6600860767 /* Sources */,
				EA692E712DCE4A6600860767 /* Frameworks */,
				EA692E722DCE4A6600860767 /* Resources */,
			);
			buildRules = (
			);
			dependencies = (
				EA692E762DCE4A6600860767 /* PBXTargetDependency */,
			);
			fileSystemSynchronizedGroups = (
				EA692E772DCE4A6600860767 /* Your Ai WallpaperUITests */,
			);
			name = "Your Ai WallpaperUITests";
			packageProductDependencies = (
			);
			productName = "Your Ai WallpaperUITests";
			productReference = EA692E742DCE4A6600860767 /* Your Ai WallpaperUITests.xctest */;
			productType = "com.apple.product-type.bundle.ui-testing";
		};
/* End PBXNativeTarget section */

/* Begin PBXProject section */
		EA692E552DCE4A6500860767 /* Project object */ = {
			isa = PBXProject;
			attributes = {
				BuildIndependentTargetsInParallel = 1;
				LastSwiftUpdateCheck = 1630;
				LastUpgradeCheck = 1630;
				TargetAttributes = {
					EA692E5C2DCE4A6500860767 = {
						CreatedOnToolsVersion = 16.3;
					};
					EA692E692DCE4A6600860767 = {
						CreatedOnToolsVersion = 16.3;
						TestTargetID = EA692E5C2DCE4A6500860767;
					};
					EA692E732DCE4A6600860767 = {
						CreatedOnToolsVersion = 16.3;
						TestTargetID = EA692E5C2DCE4A6500860767;
					};
				};
			};
			buildConfigurationList = EA692E582DCE4A6500860767 /* Build configuration list for PBXProject "Your Ai Wallpaper" */;
			developmentRegion = en;
			hasScannedForEncodings = 0;
			knownRegions = (
				en,
				Base,
			);
			mainGroup = EA692E542DCE4A6500860767;
			minimizedProjectReferenceProxies = 1;
			packageReferences = (
				EA70613F2DF47D5C0049773E /* XCRemoteSwiftPackageReference "firebase-ios-sdk" */,
			);
			preferredProjectObjectVersion = 77;
			productRefGroup = EA692E5E2DCE4A6500860767 /* Products */;
			projectDirPath = "";
			projectRoot = "";
			targets = (
				EA692E5C2DCE4A6500860767 /* Your Ai Wallpaper */,
				EA692E692DCE4A6600860767 /* Your Ai WallpaperTests */,
				EA692E732DCE4A6600860767 /* Your Ai WallpaperUITests */,
			);
		};
/* End PBXProject section */

/* Begin PBXResourcesBuildPhase section */
		EA692E5B2DCE4A6500860767 /* Resources */ = {
			isa = PBXResourcesBuildPhase;
			buildActionMask = 2147483647;
			files = (
			);
			runOnlyForDeploymentPostprocessing = 0;
		};
		EA692E682DCE4A6600860767 /* Resources */ = {
			isa = PBXResourcesBuildPhase;
			buildActionMask = 2147483647;
			files = (
			);
			runOnlyForDeploymentPostprocessing = 0;
		};
		EA692E722DCE4A6600860767 /* Resources */ = {
			isa = PBXResourcesBuildPhase;
			buildActionMask = 2147483647;
			files = (
			);
			runOnlyForDeploymentPostprocessing = 0;
		};
/* End PBXResourcesBuildPhase section */

/* Begin PBXSourcesBuildPhase section */
		EA692E592DCE4A6500860767 /* Sources */ = {
			isa = PBXSourcesBuildPhase;
			buildActionMask = 2147483647;
			files = (
			);
			runOnlyForDeploymentPostprocessing = 0;
		};
		EA692E662DCE4A6600860767 /* Sources */ = {
			isa = PBXSourcesBuildPhase;
			buildActionMask = 2147483647;
			files = (
			);
			runOnlyForDeploymentPostprocessing = 0;
		};
		EA692E702DCE4A6600860767 /* Sources */ = {
			isa = PBXSourcesBuildPhase;
			buildActionMask = 2147483647;
			files = (
			);
			runOnlyForDeploymentPostprocessing = 0;
		};
/* End PBXSourcesBuildPhase section */

/* Begin PBXTargetDependency section */
		EA692E6C2DCE4A6600860767 /* PBXTargetDependency */ = {
			isa = PBXTargetDependency;
			target = EA692E5C2DCE4A6500860767 /* Your Ai Wallpaper */;
			targetProxy = EA692E6B2DCE4A6600860767 /* PBXContainerItemProxy */;
		};
		EA692E762DCE4A6600860767 /* PBXTargetDependency */ = {
			isa = PBXTargetDependency;
			target = EA692E5C2DCE4A6500860767 /* Your Ai Wallpaper */;
			targetProxy = EA692E752DCE4A6600860767 /* PBXContainerItemProxy */;
		};
/* End PBXTargetDependency section */

/* Begin XCBuildConfiguration section */
		EA692E7C2DCE4A6600860767 /* Debug */ = {
			isa = XCBuildConfiguration;
			buildSettings = {
				ALWAYS_SEARCH_USER_PATHS = NO;
				ASSETCATALOG_COMPILER_GENERATE_SWIFT_ASSET_SYMBOL_EXTENSIONS = YES;
				CLANG_ANALYZER_NONNULL = YES;
				CLANG_ANALYZER_NUMBER_OBJECT_CONVERSION = YES_AGGRESSIVE;
				CLANG_CXX_LANGUAGE_STANDARD = "gnu++20";
				CLANG_ENABLE_MODULES = YES;
				CLANG_ENABLE_OBJC_ARC = YES;
				CLANG_ENABLE_OBJC_WEAK = YES;
				CLANG_WARN_BLOCK_CAPTURE_AUTORELEASING = YES;
				CLANG_WARN_BOOL_CONVERSION = YES;
				CLANG_WARN_COMMA = YES;
				CLANG_WARN_CONSTANT_CONVERSION = YES;
				CLANG_WARN_DEPRECATED_OBJC_IMPLEMENTATIONS = YES;
				CLANG_WARN_DIRECT_OBJC_ISA_USAGE = YES_ERROR;
				CLANG_WARN_DOCUMENTATION_COMMENTS = YES;
				CLANG_WARN_EMPTY_BODY = YES;
				CLANG_WARN_ENUM_CONVERSION = YES;
				CLANG_WARN_INFINITE_RECURSION = YES;
				CLANG_WARN_INT_CONVERSION = YES;
				CLANG_WARN_NON_LITERAL_NULL_CONVERSION = YES;
				CLANG_WARN_OBJC_IMPLICIT_RETAIN_SELF = YES;
				CLANG_WARN_OBJC_LITERAL_CONVERSION = YES;
				CLANG_WARN_OBJC_ROOT_CLASS = YES_ERROR;
				CLANG_WARN_QUOTED_INCLUDE_IN_FRAMEWORK_HEADER = YES;
				CLANG_WARN_RANGE_LOOP_ANALYSIS = YES;
				CLANG_WARN_STRICT_PROTOTYPES = YES;
				CLANG_WARN_SUSPICIOUS_MOVE = YES;
				CLANG_WARN_UNGUARDED_AVAILABILITY = YES_AGGRESSIVE;
				CLANG_WARN_UNREACHABLE_CODE = YES;
				CLANG_WARN__DUPLICATE_METHOD_MATCH = YES;
				COPY_PHASE_STRIP = NO;
				DEBUG_INFORMATION_FORMAT = dwarf;
				ENABLE_STRICT_OBJC_MSGSEND = YES;
				ENABLE_TESTABILITY = YES;
				ENABLE_USER_SCRIPT_SANDBOXING = YES;
				GCC_C_LANGUAGE_STANDARD = gnu17;
				GCC_DYNAMIC_NO_PIC = NO;
				GCC_NO_COMMON_BLOCKS = YES;
				GCC_OPTIMIZATION_LEVEL = 0;
				GCC_PREPROCESSOR_DEFINITIONS = (
					"DEBUG=1",
					"$(inherited)",
				);
				GCC_WARN_64_TO_32_BIT_CONVERSION = YES;
				GCC_WARN_ABOUT_RETURN_TYPE = YES_ERROR;
				GCC_WARN_UNDECLARED_SELECTOR = YES;
				GCC_WARN_UNINITIALIZED_AUTOS = YES_AGGRESSIVE;
				GCC_WARN_UNUSED_FUNCTION = YES;
				GCC_WARN_UNUSED_VARIABLE = YES;
				IPHONEOS_DEPLOYMENT_TARGET = 18.4;
				LOCALIZATION_PREFERS_STRING_CATALOGS = YES;
				MTL_ENABLE_DEBUG_INFO = INCLUDE_SOURCE;
				MTL_FAST_MATH = YES;
				ONLY_ACTIVE_ARCH = YES;
				SDKROOT = iphoneos;
				SWIFT_ACTIVE_COMPILATION_CONDITIONS = "DEBUG $(inherited)";
				SWIFT_OPTIMIZATION_LEVEL = "-Onone";
			};
			name = Debug;
		};
		EA692E7D2DCE4A6600860767 /* Release */ = {
			isa = XCBuildConfiguration;
			buildSettings = {
				ALWAYS_SEARCH_USER_PATHS = NO;
				ASSETCATALOG_COMPILER_GENERATE_SWIFT_ASSET_SYMBOL_EXTENSIONS = YES;
				CLANG_ANALYZER_NONNULL = YES;
				CLANG_ANALYZER_NUMBER_OBJECT_CONVERSION = YES_AGGRESSIVE;
				CLANG_CXX_LANGUAGE_STANDARD = "gnu++20";
				CLANG_ENABLE_MODULES = YES;
				CLANG_ENABLE_OBJC_ARC = YES;
				CLANG_ENABLE_OBJC_WEAK = YES;
				CLANG_WARN_BLOCK_CAPTURE_AUTORELEASING = YES;
				CLANG_WARN_BOOL_CONVERSION = YES;
				CLANG_WARN_COMMA = YES;
				CLANG_WARN_CONSTANT_CONVERSION = YES;
				CLANG_WARN_DEPRECATED_OBJC_IMPLEMENTATIONS = YES;
				CLANG_WARN_DIRECT_OBJC_ISA_USAGE = YES_ERROR;
				CLANG_WARN_DOCUMENTATION_COMMENTS = YES;
				CLANG_WARN_EMPTY_BODY = YES;
				CLANG_WARN_ENUM_CONVERSION = YES;
				CLANG_WARN_INFINITE_RECURSION = YES;
				CLANG_WARN_INT_CONVERSION = YES;
				CLANG_WARN_NON_LITERAL_NULL_CONVERSION = YES;
				CLANG_WARN_OBJC_IMPLICIT_RETAIN_SELF = YES;
				CLANG_WARN_OBJC_LITERAL_CONVERSION = YES;
				CLANG_WARN_OBJC_ROOT_CLASS = YES_ERROR;
				CLANG_WARN_QUOTED_INCLUDE_IN_FRAMEWORK_HEADER = YES;
				CLANG_WARN_RANGE_LOOP_ANALYSIS = YES;
				CLANG_WARN_STRICT_PROTOTYPES = YES;
				CLANG_WARN_SUSPICIOUS_MOVE = YES;
				CLANG_WARN_UNGUARDED_AVAILABILITY = YES_AGGRESSIVE;
				CLANG_WARN_UNREACHABLE_CODE = YES;
				CLANG_WARN__DUPLICATE_METHOD_MATCH = YES;
				COPY_PHASE_STRIP = NO;
				DEBUG_INFORMATION_FORMAT = "dwarf-with-dsym";
				ENABLE_NS_ASSERTIONS = NO;
				ENABLE_STRICT_OBJC_MSGSEND = YES;
				ENABLE_USER_SCRIPT_SANDBOXING = YES;
				GCC_C_LANGUAGE_STANDARD = gnu17;
				GCC_NO_COMMON_BLOCKS = YES;
				GCC_WARN_64_TO_32_BIT_CONVERSION = YES;
				GCC_WARN_ABOUT_RETURN_TYPE = YES_ERROR;
				GCC_WARN_UNDECLARED_SELECTOR = YES;
				GCC_WARN_UNINITIALIZED_AUTOS = YES_AGGRESSIVE;
				GCC_WARN_UNUSED_FUNCTION = YES;
				GCC_WARN_UNUSED_VARIABLE = YES;
				IPHONEOS_DEPLOYMENT_TARGET = 18.4;
				LOCALIZATION_PREFERS_STRING_CATALOGS = YES;
				MTL_ENABLE_DEBUG_INFO = NO;
				MTL_FAST_MATH = YES;
				SDKROOT = iphoneos;
				SWIFT_COMPILATION_MODE = wholemodule;
				VALIDATE_PRODUCT = YES;
			};
			name = Release;
		};
		EA692E7F2DCE4A6600860767 /* Debug */ = {
			isa = XCBuildConfiguration;
			buildSettings = {
				ASSETCATALOG_COMPILER_APPICON_NAME = AppIcon;
				ASSETCATALOG_COMPILER_GLOBAL_ACCENT_COLOR_NAME = AccentColor;
				CODE_SIGN_STYLE = Automatic;
				CURRENT_PROJECT_VERSION = 1;
				DEVELOPMENT_TEAM = 8NNHVZA692;
				ENABLE_PREVIEWS = YES;
				GENERATE_INFOPLIST_FILE = YES;
				INFOPLIST_FILE = "Your-Ai-Wallpaper-Info.plist";
				INFOPLIST_KEY_NSPhotoLibraryAddUsageDescription = "In order to save photos, we need your permission.";
				INFOPLIST_KEY_NSPhotoLibraryUsageDescription = "Saving Vid";
				INFOPLIST_KEY_UIApplicationSceneManifest_Generation = YES;
				INFOPLIST_KEY_UIApplicationSupportsIndirectInputEvents = YES;
				INFOPLIST_KEY_UILaunchScreen_Generation = YES;
				INFOPLIST_KEY_UISupportedInterfaceOrientations = UIInterfaceOrientationPortrait;
				INFOPLIST_KEY_UISupportedInterfaceOrientations_iPad = "UIInterfaceOrientationLandscapeRight UIInterfaceOrientationLandscapeLeft UIInterfaceOrientationPortraitUpsideDown UIInterfaceOrientationPortrait";
				INFOPLIST_KEY_UIUserInterfaceStyle = Dark;
				LD_RUNPATH_SEARCH_PATHS = (
					"$(inherited)",
					"@executable_path/Frameworks",
				);
				MARKETING_VERSION = 1.0;
				PRODUCT_BUNDLE_IDENTIFIER = "kubes.honza.Your-Ai-Wallpaper";
				PRODUCT_NAME = "$(TARGET_NAME)";
				SUPPORTED_PLATFORMS = "iphoneos iphonesimulator";
				SUPPORTS_MACCATALYST = NO;
				SWIFT_EMIT_LOC_STRINGS = YES;
				"SWIFT_OBJC_BRIDGING_HEADER[arch=*]" = "Your Ai Wallpaper/Core/Your_Ai_Wallpaper-Bridging-Header.h";
				SWIFT_VERSION = 5.0;
				TARGETED_DEVICE_FAMILY = 1;
			};
			name = Debug;
		};
		EA692E802DCE4A6600860767 /* Release */ = {
			isa = XCBuildConfiguration;
			buildSettings = {
				ASSETCATALOG_COMPILER_APPICON_NAME = AppIcon;
				ASSETCATALOG_COMPILER_GLOBAL_ACCENT_COLOR_NAME = AccentColor;
				CODE_SIGN_STYLE = Automatic;
				CURRENT_PROJECT_VERSION = 1;
				DEVELOPMENT_TEAM = 8NNHVZA692;
				ENABLE_PREVIEWS = YES;
				GENERATE_INFOPLIST_FILE = YES;
				INFOPLIST_FILE = "Your-Ai-Wallpaper-Info.plist";
				INFOPLIST_KEY_NSPhotoLibraryAddUsageDescription = "In order to save photos, we need your permission.";
				INFOPLIST_KEY_NSPhotoLibraryUsageDescription = "Saving Vid";
				INFOPLIST_KEY_UIApplicationSceneManifest_Generation = YES;
				INFOPLIST_KEY_UIApplicationSupportsIndirectInputEvents = YES;
				INFOPLIST_KEY_UILaunchScreen_Generation = YES;
				INFOPLIST_KEY_UISupportedInterfaceOrientations = UIInterfaceOrientationPortrait;
				INFOPLIST_KEY_UISupportedInterfaceOrientations_iPad = "UIInterfaceOrientationLandscapeRight UIInterfaceOrientationLandscapeLeft UIInterfaceOrientationPortraitUpsideDown UIInterfaceOrientationPortrait";
				INFOPLIST_KEY_UIUserInterfaceStyle = Dark;
				LD_RUNPATH_SEARCH_PATHS = (
					"$(inherited)",
					"@executable_path/Frameworks",
				);
				MARKETING_VERSION = 1.0;
				PRODUCT_BUNDLE_IDENTIFIER = "kubes.honza.Your-Ai-Wallpaper";
				PRODUCT_NAME = "$(TARGET_NAME)";
				SUPPORTED_PLATFORMS = "iphoneos iphonesimulator";
				SUPPORTS_MACCATALYST = NO;
				SWIFT_EMIT_LOC_STRINGS = YES;
				"SWIFT_OBJC_BRIDGING_HEADER[arch=*]" = "Your Ai Wallpaper/Core/Your_Ai_Wallpaper-Bridging-Header.h";
				SWIFT_VERSION = 5.0;
				TARGETED_DEVICE_FAMILY = 1;
			};
			name = Release;
		};
		EA692E822DCE4A6600860767 /* Debug */ = {
			isa = XCBuildConfiguration;
			buildSettings = {
				BUNDLE_LOADER = "$(TEST_HOST)";
				CODE_SIGN_STYLE = Automatic;
				CURRENT_PROJECT_VERSION = 1;
				GENERATE_INFOPLIST_FILE = YES;
				IPHONEOS_DEPLOYMENT_TARGET = 18.4;
				MARKETING_VERSION = 1.0;
				PRODUCT_BUNDLE_IDENTIFIER = "kubes.honza.Your-Ai-WallpaperTests";
				PRODUCT_NAME = "$(TARGET_NAME)";
				SWIFT_EMIT_LOC_STRINGS = NO;
				SWIFT_VERSION = 5.0;
				TARGETED_DEVICE_FAMILY = "1,2";
				TEST_HOST = "$(BUILT_PRODUCTS_DIR)/Your Ai Wallpaper.app/$(BUNDLE_EXECUTABLE_FOLDER_PATH)/Your Ai Wallpaper";
			};
			name = Debug;
		};
		EA692E832DCE4A6600860767 /* Release */ = {
			isa = XCBuildConfiguration;
			buildSettings = {
				BUNDLE_LOADER = "$(TEST_HOST)";
				CODE_SIGN_STYLE = Automatic;
				CURRENT_PROJECT_VERSION = 1;
				GENERATE_INFOPLIST_FILE = YES;
				IPHONEOS_DEPLOYMENT_TARGET = 18.4;
				MARKETING_VERSION = 1.0;
				PRODUCT_BUNDLE_IDENTIFIER = "kubes.honza.Your-Ai-WallpaperTests";
				PRODUCT_NAME = "$(TARGET_NAME)";
				SWIFT_EMIT_LOC_STRINGS = NO;
				SWIFT_VERSION = 5.0;
				TARGETED_DEVICE_FAMILY = "1,2";
				TEST_HOST = "$(BUILT_PRODUCTS_DIR)/Your Ai Wallpaper.app/$(BUNDLE_EXECUTABLE_FOLDER_PATH)/Your Ai Wallpaper";
			};
			name = Release;
		};
		EA692E852DCE4A6600860767 /* Debug */ = {
			isa = XCBuildConfiguration;
			buildSettings = {
				CODE_SIGN_STYLE = Automatic;
				CURRENT_PROJECT_VERSION = 1;
				GENERATE_INFOPLIST_FILE = YES;
				MARKETING_VERSION = 1.0;
				PRODUCT_BUNDLE_IDENTIFIER = "kubes.honza.Your-Ai-WallpaperUITests";
				PRODUCT_NAME = "$(TARGET_NAME)";
				SWIFT_EMIT_LOC_STRINGS = NO;
				SWIFT_VERSION = 5.0;
				TARGETED_DEVICE_FAMILY = "1,2";
				TEST_TARGET_NAME = "Your Ai Wallpaper";
			};
			name = Debug;
		};
		EA692E862DCE4A6600860767 /* Release */ = {
			isa = XCBuildConfiguration;
			buildSettings = {
				CODE_SIGN_STYLE = Automatic;
				CURRENT_PROJECT_VERSION = 1;
				GENERATE_INFOPLIST_FILE = YES;
				MARKETING_VERSION = 1.0;
				PRODUCT_BUNDLE_IDENTIFIER = "kubes.honza.Your-Ai-WallpaperUITests";
				PRODUCT_NAME = "$(TARGET_NAME)";
				SWIFT_EMIT_LOC_STRINGS = NO;
				SWIFT_VERSION = 5.0;
				TARGETED_DEVICE_FAMILY = "1,2";
				TEST_TARGET_NAME = "Your Ai Wallpaper";
			};
			name = Release;
		};
/* End XCBuildConfiguration section */

/* Begin XCConfigurationList section */
		EA692E582DCE4A6500860767 /* Build configuration list for PBXProject "Your Ai Wallpaper" */ = {
			isa = XCConfigurationList;
			buildConfigurations = (
				EA692E7C2DCE4A6600860767 /* Debug */,
				EA692E7D2DCE4A6600860767 /* Release */,
			);
			defaultConfigurationIsVisible = 0;
			defaultConfigurationName = Release;
		};
		EA692E7E2DCE4A6600860767 /* Build configuration list for PBXNativeTarget "Your Ai Wallpaper" */ = {
			isa = XCConfigurationList;
			buildConfigurations = (
				EA692E7F2DCE4A6600860767 /* Debug */,
				EA692E802DCE4A6600860767 /* Release */,
			);
			defaultConfigurationIsVisible = 0;
			defaultConfigurationName = Release;
		};
		EA692E812DCE4A6600860767 /* Build configuration list for PBXNativeTarget "Your Ai WallpaperTests" */ = {
			isa = XCConfigurationList;
			buildConfigurations = (
				EA692E822DCE4A6600860767 /* Debug */,
				EA692E832DCE4A6600860767 /* Release */,
			);
			defaultConfigurationIsVisible = 0;
			defaultConfigurationName = Release;
		};
		EA692E842DCE4A6600860767 /* Build configuration list for PBXNativeTarget "Your Ai WallpaperUITests" */ = {
			isa = XCConfigurationList;
			buildConfigurations = (
				EA692E852DCE4A6600860767 /* Debug */,
				EA692E862DCE4A6600860767 /* Release */,
			);
			defaultConfigurationIsVisible = 0;
			defaultConfigurationName = Release;
		};
/* End XCConfigurationList section */

/* Begin XCRemoteSwiftPackageReference section */
		EA70613F2DF47D5C0049773E /* XCRemoteSwiftPackageReference "firebase-ios-sdk" */ = {
			isa = XCRemoteSwiftPackageReference;
			repositoryURL = "https://github.com/firebase/firebase-ios-sdk.git";
			requirement = {
				kind = upToNextMajorVersion;
				minimumVersion = 11.14.0;
			};
		};
/* End XCRemoteSwiftPackageReference section */

/* Begin XCSwiftPackageProductDependency section */
		EA7061402DF47D5C0049773E /* FirebaseCore */ = {
			isa = XCSwiftPackageProductDependency;
			package = EA70613F2DF47D5C0049773E /* XCRemoteSwiftPackageReference "firebase-ios-sdk" */;
			productName = FirebaseCore;
		};
		EA7061422DF47D5C0049773E /* FirebaseStorage */ = {
			isa = XCSwiftPackageProductDependency;
			package = EA70613F2DF47D5C0049773E /* XCRemoteSwiftPackageReference "firebase-ios-sdk" */;
			productName = FirebaseStorage;
		};
		EA7061442DF47D5C0049773E /* FirebaseStorageCombine-Community */ = {
			isa = XCSwiftPackageProductDependency;
			package = EA70613F2DF47D5C0049773E /* XCRemoteSwiftPackageReference "firebase-ios-sdk" */;
			productName = "FirebaseStorageCombine-Community";
		};
		EA7061482DF481410049773E /* FirebaseAnalytics */ = {
			isa = XCSwiftPackageProductDependency;
			package = EA70613F2DF47D5C0049773E /* XCRemoteSwiftPackageReference "firebase-ios-sdk" */;
			productName = FirebaseAnalytics;
		};
/* End XCSwiftPackageProductDependency section */
	};
	rootObject = EA692E552DCE4A6500860767 /* Project object */;
}
